# THIS IS AN AUTOGENERATED FILE. DO NOT EDIT THIS FILE DIRECTLY.
# yarn lockfile v1


"@popperjs/core@^2.3.3":
  version "2.3.3"
  resolved "https://registry.yarnpkg.com/@popperjs/core/-/core-2.3.3.tgz#8731722aeb7330e8fd9eb5d424be6b98dea7d6da"
  integrity sha512-yEvVC8RfhRPkD9TUn7cFcLcgoJePgZRAOR7T21rcRY5I8tpuhzeWfGa7We7tB14fe9R7wENdqUABcMdwD4SQLw==
